
Microsoft Visual Studio Solution File, Format Version 12.00
# Visual Studio 15
VisualStudioVersion = 15.0.27130.2036
MinimumVisualStudioVersion = 10.0.40219.1
Project("{FAE04EC0-301F-11D3-BF4B-00C04F79EFBC}") = "ConsoleApp3", "ConsoleApp3\ConsoleApp3.csproj", "{3A7E6DA4-732F-4498-A8F1-604BDA8370C5}"
EndProject
Project("{FAE04EC0-301F-11D3-BF4B-00C04F79EFBC}") = "TowerOfHanoi", "ConsoleApp1\TowerOfHanoi.csproj", "{E70506D3-A711-4039-8703-AD3EB0FB84FD}"
EndProject
Project("{FAE04EC0-301F-11D3-BF4B-00C04F79EFBC}") = "StringPermutations", "ConsoleApp2\StringPermutations.csproj", "{D15A47F9-A958-4C17-A770-55D056DEDA59}"
EndProject
Project("{FAE04EC0-301F-11D3-BF4B-00C04F79EFBC}") = "strPermutationsDuplicate", "ConsoleApp4\strPermutationsDuplicate.csproj", "{6DA21723-231B-4A36-94D7-0FEAA51F95D7}"
EndProject
Project("{FAE04EC0-301F-11D3-BF4B-00C04F79EFBC}") = "MatchedParentheses", "MatchedParentheses\MatchedParentheses.csproj", "{490168FA-252F-41F4-BCDD-283AFEB14640}"
EndProject
Project("{FAE04EC0-301F-11D3-BF4B-00C04F79EFBC}") = "NQueenProblem", "NQueenProblem\NQueenProblem.csproj", "{47B35D87-9B7B-4BFF-83D4-9E477F6FA160}"
EndProject
Project("{FAE04EC0-301F-11D3-BF4B-00C04F79EFBC}") = "BooleanEvaluation", "BooleanEvaluation\BooleanEvaluation.csproj", "{6ABC592F-65D6-438E-B29D-E75FDB482373}"
EndProject
Project("{FAE04EC0-301F-11D3-BF4B-00C04F79EFBC}") = "BitOperations", "ConsoleApp5\BitOperations.csproj", "{B4CEA255-EB62-4C11-94FD-71DB489FCBF3}"
EndProject
Project("{FAE04EC0-301F-11D3-BF4B-00C04F79EFBC}") = "Findmedian", "Findmedian\Findmedian.csproj", "{D473E123-17F8-4C71-8E22-910A08AA1243}"
EndProject
Global
	GlobalSection(SolutionConfigurationPlatforms) = preSolution
		Debug|Any CPU = Debug|Any CPU
		Release|Any CPU = Release|Any CPU
	EndGlobalSection
	GlobalSection(ProjectConfigurationPlatforms) = postSolution
		{3A7E6DA4-732F-4498-A8F1-604BDA8370C5}.Debug|Any CPU.ActiveCfg = Debug|Any CPU
		{3A7E6DA4-732F-4498-A8F1-604BDA8370C5}.Debug|Any CPU.Build.0 = Debug|Any CPU
		{3A7E6DA4-732F-4498-A8F1-604BDA8370C5}.Release|Any CPU.ActiveCfg = Release|Any CPU
		{3A7E6DA4-732F-4498-A8F1-604BDA8370C5}.Release|Any CPU.Build.0 = Release|Any CPU
		{E70506D3-A711-4039-8703-AD3EB0FB84FD}.Debug|Any CPU.ActiveCfg = Debug|Any CPU
		{E70506D3-A711-4039-8703-AD3EB0FB84FD}.Debug|Any CPU.Build.0 = Debug|Any CPU
		{E70506D3-A711-4039-8703-AD3EB0FB84FD}.Release|Any CPU.ActiveCfg = Release|Any CPU
		{E70506D3-A711-4039-8703-AD3EB0FB84FD}.Release|Any CPU.Build.0 = Release|Any CPU
		{D15A47F9-A958-4C17-A770-55D056DEDA59}.Debug|Any CPU.ActiveCfg = Debug|Any CPU
		{D15A47F9-A958-4C17-A770-55D056DEDA59}.Debug|Any CPU.Build.0 = Debug|Any CPU
		{D15A47F9-A958-4C17-A770-55D056DEDA59}.Release|Any CPU.ActiveCfg = Release|Any CPU
		{D15A47F9-A958-4C17-A770-55D056DEDA59}.Release|Any CPU.Build.0 = Release|Any CPU
		{6DA21723-231B-4A36-94D7-0FEAA51F95D7}.Debug|Any CPU.ActiveCfg = Debug|Any CPU
		{6DA21723-231B-4A36-94D7-0FEAA51F95D7}.Debug|Any CPU.Build.0 = Debug|Any CPU
		{6DA21723-231B-4A36-94D7-0FEAA51F95D7}.Release|Any CPU.ActiveCfg = Release|Any CPU
		{6DA21723-231B-4A36-94D7-0FEAA51F95D7}.Release|Any CPU.Build.0 = Release|Any CPU
		{490168FA-252F-41F4-BCDD-283AFEB14640}.Debug|Any CPU.ActiveCfg = Debug|Any CPU
		{490168FA-252F-41F4-BCDD-283AFEB14640}.Debug|Any CPU.Build.0 = Debug|Any CPU
		{490168FA-252F-41F4-BCDD-283AFEB14640}.Release|Any CPU.ActiveCfg = Release|Any CPU
		{490168FA-252F-41F4-BCDD-283AFEB14640}.Release|Any CPU.Build.0 = Release|Any CPU
		{47B35D87-9B7B-4BFF-83D4-9E477F6FA160}.Debug|Any CPU.ActiveCfg = Debug|Any CPU
		{47B35D87-9B7B-4BFF-83D4-9E477F6FA160}.Debug|Any CPU.Build.0 = Debug|Any CPU
		{47B35D87-9B7B-4BFF-83D4-9E477F6FA160}.Release|Any CPU.ActiveCfg = Release|Any CPU
		{47B35D87-9B7B-4BFF-83D4-9E477F6FA160}.Release|Any CPU.Build.0 = Release|Any CPU
		{6ABC592F-65D6-438E-B29D-E75FDB482373}.Debug|Any CPU.ActiveCfg = Debug|Any CPU
		{6ABC592F-65D6-438E-B29D-E75FDB482373}.Debug|Any CPU.Build.0 = Debug|Any CPU
		{6ABC592F-65D6-438E-B29D-E75FDB482373}.Release|Any CPU.ActiveCfg = Release|Any CPU
		{6ABC592F-65D6-438E-B29D-E75FDB482373}.Release|Any CPU.Build.0 = Release|Any CPU
		{B4CEA255-EB62-4C11-94FD-71DB489FCBF3}.Debug|Any CPU.ActiveCfg = Debug|Any CPU
		{B4CEA255-EB62-4C11-94FD-71DB489FCBF3}.Debug|Any CPU.Build.0 = Debug|Any CPU
		{B4CEA255-EB62-4C11-94FD-71DB489FCBF3}.Release|Any CPU.ActiveCfg = Release|Any CPU
		{B4CEA255-EB62-4C11-94FD-71DB489FCBF3}.Release|Any CPU.Build.0 = Release|Any CPU
		{D473E123-17F8-4C71-8E22-910A08AA1243}.Debug|Any CPU.ActiveCfg = Debug|Any CPU
		{D473E123-17F8-4C71-8E22-910A08AA1243}.Debug|Any CPU.Build.0 = Debug|Any CPU
		{D473E123-17F8-4C71-8E22-910A08AA1243}.Release|Any CPU.ActiveCfg = Release|Any CPU
		{D473E123-17F8-4C71-8E22-910A08AA1243}.Release|Any CPU.Build.0 = Release|Any CPU
	EndGlobalSection
	GlobalSection(SolutionProperties) = preSolution
		HideSolutionNode = FALSE
	EndGlobalSection
	GlobalSection(ExtensibilityGlobals) = postSolution
		SolutionGuid = {99512FF3-BB4C-46D4-866F-ABA8FEC20F70}
	EndGlobalSection
EndGlobal
